lockfileVersion: '9.0'

settings:
  autoInstallPeers: true
  excludeLinksFromLockfile: false

importers:

  .:
    dependencies:
      fast-xml-parser:
        specifier: ^5.2.5
        version: 5.11.1
      fflate:
        specifier: ^0.8.2
        version: 0.8.3
      jsonwebtoken:
        specifier: ^9.0.2
        version: 9.0.3
      ws:
        specifier: ^8.18.3
        version: 8.22.0
    devDependencies:
      '@types/jsonwebtoken':
        specifier: ^9.0.10
        version: 9.0.10
      '@types/node':
        specifier: ^26.0.0
        version: 26.6.4
      '@types/ws':
        specifier: ^8.18.1
        version: 8.18.1
      dotenv:
        specifier: ^16.6.1
        version: 16.6.1
      mongodb:
        specifier: ^5.9.2
        version: 5.9.2
      playwright:
        specifier: ^1.63.0
        version: 1.63.0
      prettier:
        specifier: ^3.6.2
        version: 3.9.9
      typescript:
        specifier: ^5.9.3
        version: 5.9.3

packages:

  '@mongodb-js/saslprep@1.5.4':
    resolution: {integrity: sha512-05UC0jQsjKAOuXQ0H9Ud9vUTJpZIg+n/FinpR30tI5I8pY2inTfPOZ5OF/cg3Ce/N9MoD1xhRCeOsJtuTbFYlw==}

  '@nodable/entities@3.0.0':
    resolution: {integrity: sha512-8L9xFeTYKhm49xfIypoe2W5wV1m/3Z58kT+7kR9A8OyFxcPduI4VmxaUMQyKYrRjUoLLSXv6EKKID5Tvj9cUVw==}

  '@types/jsonwebtoken@9.0.10':
    resolution: {integrity: sha512-asx5hIG9Qmf/1oStypjanR7iKTv0gXQ1Ov/jfrX6kS/EO0OFni8orbmGCn0672NHR3kXHwpAwR+B368ZGN/2rA==}

  '@types/ms@2.1.0':
    resolution: {integrity: sha512-GsCCIZDE/p3i96vtEqx+7dBUGXrc7zeSK3wwPHIaRThS+9OhWIXRqzs4d6k1SVU8g91DrNRWxWUGhp5KXQb2VA==}

  '@types/node@24.19.0':
    resolution: {integrity: sha512-zY+5tKxXdhGh1PYI0ac+7juvEu4OI6vWtVVoj5i2m42jxAY1U+zHGt6QCyOFwykdP62sM3MJ9stoYYUw5aCWew==}

  '@types/node@26.6.4':
    resolution: {integrity: sha512-ldVPDCzj7fsaGZrLB0NuHuTvJcsNasysBAqMolr/cgxrLd1xbqxIr3XJiPnHHJUCxj5sNF1vnRj9aWnrVh5Jcg==}

  '@types/webidl-conversions@7.0.3':
    resolution: {integrity: sha512-CiJJvcRtIgzadHCYXw7dqEnMNRjhGZlYK05Mj9OyktqV8uVT8fD2BFOB7S1uwBE3Kj2Z+4UyPmFw/Ixgw/LAlA==}

  '@types/whatwg-url@8.2.2':
    resolution: {integrity: sha512-FtQu10RWgn3D9U4aazdwIE2yzphmTJREDqNdODHrbrZmmMqI0vMheC/6NE/J1Yveaj8H+ela+YwWTjq5PGmuhA==}

  '@types/ws@8.18.1':
    resolution: {integrity: sha512-ThVF6DCVhA8kUGy+aazFQ4kXQ7E1Ty7A3ypFOe0IcJV8O/M511G99AW24irKrW56Wt44yG9+ij8FaqoBGkuBXg==}

  anynum@1.0.1:
    resolution: {integrity: sha512-N6//FLET/tXYNM/F6ABca1oH6fWB+KlTt909Le28WMDBk8oaT4vY17DCrwg2MvmuqUKt3Ni4N5dGJ/EoBgcO6A==}

  bson@5.5.1:
    resolution: {integrity: sha512-ix0EwukN2EpC0SRWIj/7B5+A6uQMQy6KMREI9qQqvgpkV2frH63T0UDVd1SYedL6dNCmDBYB3QtXi4ISk9YT+g==}
    engines: {node: '>=14.20.1'}

  buffer-equal-constant-time@1.0.1:
    resolution: {integrity: sha512-zRpUiDwd/xk6ADqPMATG8vc9VPrkck7T07OIx0gnjmJAnHnTVXNQG3vfvWNuiZIkwu9KrKdA1iJKfsfTVxE6NA==}

  dotenv@16.6.1:
    resolution: {integrity: sha512-uBq4egWHTcTt33a72vpSG0z3HnPuIl6NqYcTrKEg2azoEyl2hpW0zqlxysq2pK9HlDIHyHyakeYaYnSAwd8bow==}
    engines: {node: '>=12'}

  ecdsa-sig-formatter@1.0.11:
    resolution: {integrity: sha512-nagl3RYrbNv6kQkeJIpt6NJZy8twLB/2vtz6yN9Z4vRKHN4/QZJIEbqohALSgwKdnksuY3k5Addp5lg8sVoVcQ==}

  fast-xml-builder@1.3.1:
    resolution: {integrity: sha512-pIM/1n3ntFXKYrUZwW7QCK0gAW7XY+wzj1YMIV3tLDvPj/V+zTGJK5e3/4WJfwj0qWw2ElNXiTixda/R+3YSug==}

  fast-xml-parser@5.11.1:
    resolution: {integrity: sha512-TBw6K/fxoQGGjCmZDw9w/ZwP3uDcnTM4YH/g+PFRWr8sbe5idXtxNN6vITh4+1ruCZaho6uBFurElsA7F0zzgw==}
    hasBin: true

  fflate@0.8.3:
    resolution: {integrity: sha512-tbZNuJrLwGUp3zshBtdy4W+ORxZuIh8a5ilyIEQDC5rY1f3U20JMry0Ll3WBzU58EZKsEuJFXhb5gwv8CsPvgA==}

  ip-address@10.7.2:
    resolution: {integrity: sha512-7H/2gFSIitxc0hG3nOI1glS8QLo/EHBFFLk8vEUjXY/xu0AdL8jZ9U1IzO2PUm0d2D/ofQcAifb0g6OBkt8U7w==}
    engines: {node: '>= 12'}

  is-unsafe@2.0.2:
    resolution: {integrity: sha512-HgbIHPBH0KHHCcjLfGsCvhtPTVxjaAZlXjwdz7/GQC40SjSe4sfQsar8J5VFo8JOSbarkpV0OLG95bbaNd9aAQ==}

  jsonwebtoken@9.0.3:
    resolution: {integrity: sha512-MT/xP0CrubFRNLNKvxJ2BYfy53Zkm++5bX9dtuPbqAeQpTVe0MQTFhao8+Cp//EmJp244xt6Drw/GVEGCUj40g==}
    engines: {node: '>=12', npm: '>=6'}

  jwa@2.0.1:
    resolution: {integrity: sha512-hRF04fqJIP8Abbkq5NKGN0Bbr3JxlQ+qhZufXVr0DvujKy93ZCbXZMHDL4EOtodSbCWxOqR8MS1tXA5hwqCXDg==}

  jws@4.0.1:
    resolution: {integrity: sha512-EKI/M/yqPncGUUh44xz0PxSidXFr/+r0pA70+gIYhjv+et7yxM+s29Y+VGDkovRofQem0fs7Uvf4+YmAdyRduA==}

  lodash.includes@4.3.0:
    resolution: {integrity: sha512-W3Bx6mdkRTGtlJISOvVD/lbqjTlPPUDTMnlXZFnVwi9NKJ6tiAk6LVdlhZMm17VZisqhKcgzpO5Wz91PCt5b0w==}

  lodash.isboolean@3.0.3:
    resolution: {integrity: sha512-Bz5mupy2SVbPHURB98VAcw+aHh4vRV5IPNhILUCsOzRmsTmSQ17jIuqopAentWoehktxGd9e/hbIXq980/1QJg==}

  lodash.isinteger@4.0.4:
    resolution: {integrity: sha512-DBwtEWN2caHQ9/imiNeEA5ys1JoRtRfY3d7V9wkqtbycnAmTvRRmbHKDV4a0EYc678/dia0jrte4tjYwVBaZUA==}

  lodash.isnumber@3.0.3:
    resolution: {integrity: sha512-QYqzpfwO3/CWf3XP+Z+tkQsfaLL/EnUlXWVkIk5FUPc4sBdTehEqZONuyRt2P67PXAk+NXmTBcc97zw9t1FQrw==}

  lodash.isplainobject@4.0.6:
    resolution: {integrity: sha512-oSXzaWypCMHkPC3NvBEaPHf0KsA5mvPrOPgQWDsbg8n7orZ290M0BmC/jgRZ4vcJ6DTAhjrsSYgdsW/F+MFOBA==}

  lodash.isstring@4.0.1:
    resolution: {integrity: sha512-0wJxfxH1wgO3GrbuP+dTTk7op+6L41QCXbGINEmD+ny/G/eCqGzxyCsh7159S+mgDDcoarnBw6PC1PS5+wUGgw==}

  lodash.once@4.1.1:
    resolution: {integrity: sha512-Sb487aTOCr9drQVL8pIxOzVhafOjZN9UU54hiN8PU3uAiSV7lx1yYNpbNmex2PK6dSJoNTSJUUswT651yww3Mg==}

  memory-pager@1.5.0:
    resolution: {integrity: sha512-ZS4Bp4r/Zoeq6+NLJpP+0Zzm0pR8whtGPf1XExKLJBAczGMnSi3It14OiNCStjQjM6NU1okjQGSxgEZN8eBYKg==}

  mongodb-connection-string-url@2.6.0:
    resolution: {integrity: sha512-WvTZlI9ab0QYtTYnuMLgobULWhokRjtC7db9LtcVfJ+Hsnyr5eo6ZtNAt3Ly24XZScGMelOcGtm7lSn0332tPQ==}

  mongodb@5.9.2:
    resolution: {integrity: sha512-H60HecKO4Bc+7dhOv4sJlgvenK4fQNqqUIlXxZYQNbfEWSALGAwGoyJd/0Qwk4TttFXUOHJ2ZJQe/52ScaUwtQ==}
    engines: {node: '>=14.20.1'}
    peerDependencies:
      '@aws-sdk/credential-providers': ^3.188.0
      '@mongodb-js/zstd': ^1.0.0
      kerberos: ^1.0.0 || ^2.0.0
      mongodb-client-encryption: '>=2.3.0 <3'
      snappy: ^7.2.2
    peerDependenciesMeta:
      '@aws-sdk/credential-providers':
        optional: true
      '@mongodb-js/zstd':
        optional: true
      kerberos:
        optional: true
      mongodb-client-encryption:
        optional: true
      snappy:
        optional: true

  ms@2.1.3:
    resolution: {integrity: sha512-6FlzubTLZG3J2a/NVCAleEhjzq5oxgHyaCU9yYXvcLsvoVaHJq/s5xXI6/XXP6tz7R9xAOtHnSO/tXtF3WRTlA==}

  path-expression-matcher@1.6.2:
    resolution: {integrity: sha512-enSlaiat05iasnzmgNxRj8reFdj3puY2QpNgP1aPIaVfT6nn9ICuPoFlKHk8EN22HcwewshO+mN2DGbkCEOtqQ==}
    engines: {node: '>=14.0.0'}

  playwright-core@1.63.0:
    resolution: {integrity: sha512-rYCsBF/M5HjUch52bbtVONEFjv6Xu8sm8h72dNlR5bzIE1fvC/bxgspzkjSfU+MweEMmPM8KJebG6nnyxo5mCg==}
    engines: {node: '>=20'}
    hasBin: true

  playwright@1.63.0:
    resolution: {integrity: sha512-+7ziBLidS4NaNCdt57SUDT+wYmmd5fmiQejUic/kb+YsYSCPyOOE9sebzMjNmQrsnNpDJqd4WHvV/8lfKfUDUg==}
    engines: {node: '>=20'}
    hasBin: true

  prettier@3.9.9:
    resolution: {integrity: sha512-Z/CJHIkdujO/OtN7nXUii0Rf3VT5SRuhjBA82Xvu2XhBUgX3nhP67T0LHceBdQLex7OOFGTox+Q5Yg8Jk2Qivg==}
    engines: {node: '>=14'}
    hasBin: true

  punycode@2.3.1:
    resolution: {integrity: sha512-vYt7UD1U9Wg6138shLtLOvdAu+8DsC/ilFtEVHcH+wydcSpNE20AfSOduf6MkRFahL5FY7X1oU7nKVZFtfq8Fg==}
    engines: {node: '>=6'}

  safe-buffer@5.2.1:
    resolution: {integrity: sha512-rp3So07KcdmmKbGvgaNxQSJr7bGVSVk5S9Eq1F+ppbRo70+YeaDxkw5Dd8NPN+GD6bjnYm2VuPuCXmpuYvmCXQ==}

  semver@7.8.5:
    resolution: {integrity: sha512-Y7/KDsb8LjooZpwaqGyulO6DQlksgCncchHGk+sZIY4SBvUocMBEFH5Ur1fI4dV+Jvl0w6cjvucaIi40puRioA==}
    engines: {node: '>=10'}
    hasBin: true

  smart-buffer@4.2.0:
    resolution: {integrity: sha512-94hK0Hh8rPqQl2xXc3HsaBoOXKV20MToPkcXvwbISWLEs+64sBq5kFgn2kJDHb1Pry9yrP0dxrCI9RRci7RXKg==}
    engines: {node: '>= 6.0.0', npm: '>= 3.0.0'}

  socks@2.8.10:
    resolution: {integrity: sha512-e0VyvkVTwVYViNovRkZ9aodhxVlyoMn7eJhVUPxZ+eK9P/7CBkxvvsBOHqFPEH416726W8tLXXXjKwqgTErrCQ==}
    engines: {node: '>= 10.0.0', npm: '>= 3.0.0'}

  sparse-bitfield@3.0.3:
    resolution: {integrity: sha512-kvzhi7vqKTfkh0PZU+2D2PIllw2ymqJKujUcyPMd9Y75Nv4nPbGJZXNhxsgdQab2BmlDct1YnfQCguEvHr7VsQ==}

  strnum@2.4.2:
    resolution: {integrity: sha512-rDG3Ah4TV0k1hWvLSzkZtMmLN9+eS+h3knq4MP6A42Y3Yh5qGNnOUs1jJkoSr8FG5dsL28c7KgkIBzSEykqtuw==}

  tr46@3.0.0:
    resolution: {integrity: sha512-l7FvfAHlcmulp8kr+flpQZmVwtu7nfRV7NZujtN0OqES8EL4O4e0qqzL0DC5gAvx/ZC/9lk6rhcUwYvkBnBnYA==}
    engines: {node: '>=12'}

  typescript@5.9.3:
    resolution: {integrity: sha512-jl1vZzPDinLr9eUt3J/t7V6FgNEw9QjvBPdysz9KfQDD41fQrC2Y4vKQdiaUpFT4bXlb1RHhLpp8wtm6M5TgSw==}
    engines: {node: '>=14.17'}
    hasBin: true

  undici-types@7.24.6:
    resolution: {integrity: sha512-WRNW+sJgj5OBN4/0JpHFqtqzhpbnV0GuB+OozA9gCL7a993SmU+1JBZCzLNxYsbMfIeDL+lTsphD5jN5N+n0zg==}

  undici-types@8.9.0:
    resolution: {integrity: sha512-KTDyRTYX8sWmKXAikPHHSyc63CRPETMctyjKFupcC6OBLXT3xsN0e9aF7m+mIXutFWpUXuedtowG7iLOzp0kQg==}

  webidl-conversions@7.0.0:
    resolution: {integrity: sha512-VwddBukDzu71offAQR975unBIGqfKZpM+8ZX6ySk8nYhVoo5CYaZyzt3YBvYtRtO+aoGlqxPg/B87NGVZ/fu6g==}
    engines: {node: '>=12'}

  whatwg-url@11.0.0:
    resolution: {integrity: sha512-RKT8HExMpoYx4igMiVMY83lN6UeITKJlBQ+vR/8ZJ8OCdSiN3RwCq+9gH0+Xzj0+5IrM6i4j/6LuvzbZIQgEcQ==}
    engines: {node: '>=12'}

  ws@8.22.0:
    resolution: {integrity: sha512-Ydggc987+RO0AnWtZ/7Wq9FtNvcrL1b/RO0ud9mWjUPgDrsAAwQSF51sm2hm1XofbU/4jkpGEsLFsZZxU+1DOg==}
    engines: {node: '>=10.0.0'}
    peerDependencies:
      bufferutil: ^4.0.1
      utf-8-validate: '>=5.0.2'
    peerDependenciesMeta:
      bufferutil:
        optional: true
      utf-8-validate:
        optional: true

  xml-naming@0.3.0:
    resolution: {integrity: sha512-ghig2TBE/H11aOVgmahA3MhimvkBr6JIYknH/Dhdk10nXwdbIqBJsbfMxpvFPG8bAw77gN29aQWvKpmVoPlvPQ==}
    engines: {node: '>=16.0.0'}

snapshots:

  '@mongodb-js/saslprep@1.5.4':
    dependencies:
      sparse-bitfield: 3.0.3
    optional: true

  '@nodable/entities@3.0.0': {}

  '@types/jsonwebtoken@9.0.10':
    dependencies:
      '@types/ms': 2.1.0
      '@types/node': 26.6.4

  '@types/ms@2.1.0': {}

  '@types/node@24.19.0':
    dependencies:
      undici-types: 7.24.6

  '@types/node@26.6.4':
    dependencies:
      undici-types: 8.9.0

  '@types/webidl-conversions@7.0.3': {}

  '@types/whatwg-url@8.2.2':
    dependencies:
      '@types/node': 24.19.0
      '@types/webidl-conversions': 7.0.3

  '@types/ws@8.18.1':
    dependencies:
      '@types/node': 26.6.4

  anynum@1.0.1: {}

  bson@5.5.1: {}

  buffer-equal-constant-time@1.0.1: {}

  dotenv@16.6.1: {}

  ecdsa-sig-formatter@1.0.11:
    dependencies:
      safe-buffer: 5.2.1

  fast-xml-builder@1.3.1:
    dependencies:
      path-expression-matcher: 1.6.2
      xml-naming: 0.3.0

  fast-xml-parser@5.11.1:
    dependencies:
      '@nodable/entities': 3.0.0
      fast-xml-builder: 1.3.1
      is-unsafe: 2.0.2
      path-expression-matcher: 1.6.2
      strnum: 2.4.2
      xml-naming: 0.3.0

  fflate@0.8.3: {}

  ip-address@10.7.2: {}

  is-unsafe@2.0.2: {}

  jsonwebtoken@9.0.3:
    dependencies:
      jws: 4.0.1
      lodash.includes: 4.3.0
      lodash.isboolean: 3.0.3
      lodash.isinteger: 4.0.4
      lodash.isnumber: 3.0.3
      lodash.isplainobject: 4.0.6
      lodash.isstring: 4.0.1
      lodash.once: 4.1.1
      ms: 2.1.3
      semver: 7.8.5

  jwa@2.0.1:
    dependencies:
      buffer-equal-constant-time: 1.0.1
      ecdsa-sig-formatter: 1.0.11
      safe-buffer: 5.2.1

  jws@4.0.1:
    dependencies:
      jwa: 2.0.1
      safe-buffer: 5.2.1

  lodash.includes@4.3.0: {}

  lodash.isboolean@3.0.3: {}

  lodash.isinteger@4.0.4: {}

  lodash.isnumber@3.0.3: {}

  lodash.isplainobject@4.0.6: {}

  lodash.isstring@4.0.1: {}

  lodash.once@4.1.1: {}

  memory-pager@1.5.0:
    optional: true

  mongodb-connection-string-url@2.6.0:
    dependencies:
      '@types/whatwg-url': 8.2.2
      whatwg-url: 11.0.0

  mongodb@5.9.2:
    dependencies:
      bson: 5.5.1
      mongodb-connection-string-url: 2.6.0
      socks: 2.8.10
    optionalDependencies:
      '@mongodb-js/saslprep': 1.5.4

  ms@2.1.3: {}

  path-expression-matcher@1.6.2: {}

  playwright-core@1.63.0: {}

  playwright@1.63.0:
    dependencies:
      playwright-core: 1.63.0

  prettier@3.9.9: {}

  punycode@2.3.1: {}

  safe-buffer@5.2.1: {}

  semver@7.8.5: {}

  smart-buffer@4.2.0: {}

  socks@2.8.10:
    dependencies:
      ip-address: 10.7.2
      smart-buffer: 4.2.0

  sparse-bitfield@3.0.3:
    dependencies:
      memory-pager: 1.5.0
    optional: true

  strnum@2.4.2:
    dependencies:
      anynum: 1.0.1

  tr46@3.0.0:
    dependencies:
      punycode: 2.3.1

  typescript@5.9.3: {}

  undici-types@7.24.6: {}

  undici-types@8.9.0: {}

  webidl-conversions@7.0.0: {}

  whatwg-url@11.0.0:
    dependencies:
      tr46: 3.0.0
      webidl-conversions: 7.0.0

  ws@8.22.0: {}

  xml-naming@0.3.0: {}
